
Microsoft Visual Studio Solution File, Format Version 12.00
# Visual Studio Version 16
VisualStudioVersion = 16.0.30114.105
MinimumVisualStudioVersion = 10.0.40219.1
Project("{FAE04EC0-301F-11D3-BF4B-00C04F79EFBC}") = "API", "Api\API.csproj", "{C9F35718-D3B0-4887-9E67-638A651687E7}"
EndProject
Project("{FAE04EC0-301F-11D3-BF4B-00C04F79EFBC}") = "Domain", "Domain\Domain.csproj", "{067B5581-FDDD-44AF-AFF7-C6C3DDAC2A56}"
EndProject
Project("{FAE04EC0-301F-11D3-BF4B-00C04F79EFBC}") = "Application", "Application\Application.csproj", "{CC18CC0C-C1AC-41D8-8CCA-990D38A61D93}"
EndProject
Project("{FAE04EC0-301F-11D3-BF4B-00C04F79EFBC}") = "Persistence", "persistence\Persistence.csproj", "{BBB877BD-61CD-4A5B-BAA6-3B489114C3EF}"
EndProject
Project("{FAE04EC0-301F-11D3-BF4B-00C04F79EFBC}") = "Infrastructure", "Infrastructure\Infrastructure.csproj", "{90FE5236-5B77-45FC-B1BB-538D09D127D1}"
EndProject
Global
	GlobalSection(SolutionConfigurationPlatforms) = preSolution
		Debug|Any CPU = Debug|Any CPU
		Release|Any CPU = Release|Any CPU
	EndGlobalSection
	GlobalSection(SolutionProperties) = preSolution
		HideSolutionNode = FALSE
	EndGlobalSection
	GlobalSection(ProjectConfigurationPlatforms) = postSolution
		{C9F35718-D3B0-4887-9E67-638A651687E7}.Debug|Any CPU.ActiveCfg = Debug|Any CPU
		{C9F35718-D3B0-4887-9E67-638A651687E7}.Debug|Any CPU.Build.0 = Debug|Any CPU
		{C9F35718-D3B0-4887-9E67-638A651687E7}.Release|Any CPU.ActiveCfg = Release|Any CPU
		{C9F35718-D3B0-4887-9E67-638A651687E7}.Release|Any CPU.Build.0 = Release|Any CPU
		{067B5581-FDDD-44AF-AFF7-C6C3DDAC2A56}.Debug|Any CPU.ActiveCfg = Debug|Any CPU
		{067B5581-FDDD-44AF-AFF7-C6C3DDAC2A56}.Debug|Any CPU.Build.0 = Debug|Any CPU
		{067B5581-FDDD-44AF-AFF7-C6C3DDAC2A56}.Release|Any CPU.ActiveCfg = Release|Any CPU
		{067B5581-FDDD-44AF-AFF7-C6C3DDAC2A56}.Release|Any CPU.Build.0 = Release|Any CPU
		{CC18CC0C-C1AC-41D8-8CCA-990D38A61D93}.Debug|Any CPU.ActiveCfg = Debug|Any CPU
		{CC18CC0C-C1AC-41D8-8CCA-990D38A61D93}.Debug|Any CPU.Build.0 = Debug|Any CPU
		{CC18CC0C-C1AC-41D8-8CCA-990D38A61D93}.Release|Any CPU.ActiveCfg = Release|Any CPU
		{CC18CC0C-C1AC-41D8-8CCA-990D38A61D93}.Release|Any CPU.Build.0 = Release|Any CPU
		{BBB877BD-61CD-4A5B-BAA6-3B489114C3EF}.Debug|Any CPU.ActiveCfg = Debug|Any CPU
		{BBB877BD-61CD-4A5B-BAA6-3B489114C3EF}.Debug|Any CPU.Build.0 = Debug|Any CPU
		{BBB877BD-61CD-4A5B-BAA6-3B489114C3EF}.Release|Any CPU.ActiveCfg = Release|Any CPU
		{BBB877BD-61CD-4A5B-BAA6-3B489114C3EF}.Release|Any CPU.Build.0 = Release|Any CPU
		{90FE5236-5B77-45FC-B1BB-538D09D127D1}.Debug|Any CPU.ActiveCfg = Debug|Any CPU
		{90FE5236-5B77-45FC-B1BB-538D09D127D1}.Debug|Any CPU.Build.0 = Debug|Any CPU
		{90FE5236-5B77-45FC-B1BB-538D09D127D1}.Release|Any CPU.ActiveCfg = Release|Any CPU
		{90FE5236-5B77-45FC-B1BB-538D09D127D1}.Release|Any CPU.Build.0 = Release|Any CPU
	EndGlobalSection
EndGlobal
